<?xml version="1.0" encoding="utf-8"?>
<Project ToolsVersion="4.0" xmlns="http://schemas.microsoft.com/developer/msbuild/2003">
  <ItemGroup>
    <Filter Include="Code">
      <UniqueIdentifier>{8e3368ac-f14e-4dc5-b0b1-3ae54997681b}</UniqueIdentifier>
    </Filter>
    <Filter Include="Framework">
      <UniqueIdentifier>{79a325c0-19ab-4bfa-8ab0-ee46d09578b4}</UniqueIdentifier>
    </Filter>
  </ItemGroup>
  <ItemGroup>
    <ClInclude Include="..\..\Framework\Observable.h">
      <Filter>Framework</Filter>
    </ClInclude>
    <ClInclude Include="..\..\Framework\ExchangeData.h">
      <Filter>Framework</Filter>
    </ClInclude>
    <ClInclude Include="..\..\Framework\Framework.h">
      <Filter>Framework</Filter>
    </ClInclude>
    <ClInclude Include="..\..\Framework\DatasetGenerator.h">
      <Filter>Framework</Filter>
    </ClInclude>
    <ClInclude Include="Code\MatrixSet.h">
      <Filter>Code</Filter>
    </ClInclude>
  </ItemGroup>
  <ItemGroup>
    <ClCompile Include="..\..\Framework\Framework.cpp">
      <Filter>Framework</Filter>
    </ClCompile>
    <ClCompile Include="Code\main.cpp">
      <Filter>Code</Filter>
    </ClCompile>
    <ClCompile Include="Code\DirectXMathObservablecpp.cpp">
      <Filter>Code</Filter>
    </ClCompile>
    <ClCompile Include="Code\RandomMatrices.cpp">
      <Filter>Code</Filter>
    </ClCompile>
    <ClCompile Include="Code\GLMObservalble.cpp">
      <Filter>Code</Filter>
    </ClCompile>
    <ClCompile Include="Code\DirectXOperatorObservable.cpp">
      <Filter>Code</Filter>
    </ClCompile>
    <ClCompile Include="Code\GLMsimdObservable.cpp">
      <Filter>Code</Filter>
    </ClCompile>
    <ClCompile Include="Code\GLMsimdSSE3Observable.cpp">
      <Filter>Code</Filter>
    </ClCompile>
    <ClCompile Include="Code\GLMsimdAVXObservable.cpp">
      <Filter>Code</Filter>
    </ClCompile>
    <ClCompile Include="Code\GLMsimdAVX2Observable.cpp">
      <Filter>Code</Filter>
    </ClCompile>
    <ClCompile Include="Code\GLMsimdMultFun.cpp">
      <Filter>Code</Filter>
    </ClCompile>
  </ItemGroup>
</Project>