<?xml version="1.0" encoding="utf-8"?>
<Project ToolsVersion="4.0" xmlns="http://schemas.microsoft.com/developer/msbuild/2003">
  <ItemGroup>
    <Filter Include="Code">
      <UniqueIdentifier>{63f8236b-1c44-47a1-a57d-662e1bd01d6f}</UniqueIdentifier>
    </Filter>
  </ItemGroup>
  <ItemGroup>
    <ClCompile Include="FileRead.cpp">
      <Filter>Code</Filter>
    </ClCompile>
  </ItemGroup>
</Project>