<?xml version="1.0" encoding="utf-8"?>
<Project ToolsVersion="4.0" xmlns="http://schemas.microsoft.com/developer/msbuild/2003">
  <ItemGroup>
    <Filter Include="Code">
      <UniqueIdentifier>{b78bb9a1-33af-4344-9bbe-88cb92e46a9b}</UniqueIdentifier>
    </Filter>
  </ItemGroup>
  <ItemGroup>
    <ClCompile Include="Code\main.cpp">
      <Filter>Code</Filter>
    </ClCompile>
    <ClCompile Include="Code\BaseClass.cpp">
      <Filter>Code</Filter>
    </ClCompile>
    <ClCompile Include="Code\DerivedClass1.cpp">
      <Filter>Code</Filter>
    </ClCompile>
    <ClCompile Include="Code\DerivedClass2.cpp">
      <Filter>Code</Filter>
    </ClCompile>
  </ItemGroup>
  <ItemGroup>
    <ClInclude Include="Code\BaseClass.h">
      <Filter>Code</Filter>
    </ClInclude>
    <ClInclude Include="Code\DerivedClass1.h">
      <Filter>Code</Filter>
    </ClInclude>
    <ClInclude Include="Code\DerivedClass2.h">
      <Filter>Code</Filter>
    </ClInclude>
  </ItemGroup>
</Project>